
Microsoft Visual Studio Solution File, Format Version 12.00
Project("{FAE04EC0-301F-11D3-BF4B-00C04F79EFBC}") = "AnySoftDesktop", "AnySoftDesktop\AnySoftDesktop.csproj", "{FA84AA80-D36A-47E2-B6D5-16B51258A9EE}"
EndProject
Project("{FAE04EC0-301F-11D3-BF4B-00C04F79EFBC}") = "RPM_Project_Backend.Domain", "..\RPM_Project\RPM_Project_Backend\RPM_Project_Backend.Domain\RPM_Project_Backend.Domain.csproj", "{EEC110AA-3B05-4DE7-B4DB-4FA52F27A7FC}"
EndProject
Global
	GlobalSection(SolutionConfigurationPlatforms) = preSolution
		Debug|Any CPU = Debug|Any CPU
		Release|Any CPU = Release|Any CPU
	EndGlobalSection
	GlobalSection(ProjectConfigurationPlatforms) = postSolution
		{FA84AA80-D36A-47E2-B6D5-16B51258A9EE}.Debug|Any CPU.ActiveCfg = Debug|Any CPU
		{FA84AA80-D36A-47E2-B6D5-16B51258A9EE}.Debug|Any CPU.Build.0 = Debug|Any CPU
		{FA84AA80-D36A-47E2-B6D5-16B51258A9EE}.Release|Any CPU.ActiveCfg = Release|Any CPU
		{FA84AA80-D36A-47E2-B6D5-16B51258A9EE}.Release|Any CPU.Build.0 = Release|Any CPU
		{EEC110AA-3B05-4DE7-B4DB-4FA52F27A7FC}.Debug|Any CPU.ActiveCfg = Debug|Any CPU
		{EEC110AA-3B05-4DE7-B4DB-4FA52F27A7FC}.Debug|Any CPU.Build.0 = Debug|Any CPU
		{EEC110AA-3B05-4DE7-B4DB-4FA52F27A7FC}.Release|Any CPU.ActiveCfg = Release|Any CPU
		{EEC110AA-3B05-4DE7-B4DB-4FA52F27A7FC}.Release|Any CPU.Build.0 = Release|Any CPU
	EndGlobalSection
EndGlobal
